
Microsoft Visual Studio Solution File, Format Version 12.00
# Visual Studio Version 17
VisualStudioVersion = 17.11.34909.67
MinimumVisualStudioVersion = 10.0.40219.1
Project("{FAE04EC0-301F-11D3-BF4B-00C04F79EFBC}") = "Question2", "Question2\Question2.csproj", "{D345EDDD-B519-42A9-9F3A-7E94311F9DAA}"
EndProject
Global
	GlobalSection(SolutionConfigurationPlatforms) = preSolution
		Debug|Any CPU = Debug|Any CPU
		Release|Any CPU = Release|Any CPU
	EndGlobalSection
	GlobalSection(ProjectConfigurationPlatforms) = postSolution
		{D345EDDD-B519-42A9-9F3A-7E94311F9DAA}.Debug|Any CPU.ActiveCfg = Debug|Any CPU
		{D345EDDD-B519-42A9-9F3A-7E94311F9DAA}.Debug|Any CPU.Build.0 = Debug|Any CPU
		{D345EDDD-B519-42A9-9F3A-7E94311F9DAA}.Release|Any CPU.ActiveCfg = Release|Any CPU
		{D345EDDD-B519-42A9-9F3A-7E94311F9DAA}.Release|Any CPU.Build.0 = Release|Any CPU
	EndGlobalSection
	GlobalSection(SolutionProperties) = preSolution
		HideSolutionNode = FALSE
	EndGlobalSection
	GlobalSection(ExtensibilityGlobals) = postSolution
		SolutionGuid = {4730DD5B-1D83-4CED-A46B-7DA319E5279C}
	EndGlobalSection
EndGlobal
