
Microsoft Visual Studio Solution File, Format Version 12.00
# Visual Studio Version 17
VisualStudioVersion = 17.9.34902.65
MinimumVisualStudioVersion = 10.0.40219.1
Project("{FAE04EC0-301F-11D3-BF4B-00C04F79EFBC}") = "Hieu_Test", "Hieu_Test\Hieu_Test.csproj", "{5228898A-AEB4-4547-8797-060E227E7BD6}"
EndProject
Global
	GlobalSection(SolutionConfigurationPlatforms) = preSolution
		Debug|Any CPU = Debug|Any CPU
		Release|Any CPU = Release|Any CPU
	EndGlobalSection
	GlobalSection(ProjectConfigurationPlatforms) = postSolution
		{5228898A-AEB4-4547-8797-060E227E7BD6}.Debug|Any CPU.ActiveCfg = Debug|Any CPU
		{5228898A-AEB4-4547-8797-060E227E7BD6}.Debug|Any CPU.Build.0 = Debug|Any CPU
		{5228898A-AEB4-4547-8797-060E227E7BD6}.Release|Any CPU.ActiveCfg = Release|Any CPU
		{5228898A-AEB4-4547-8797-060E227E7BD6}.Release|Any CPU.Build.0 = Release|Any CPU
	EndGlobalSection
	GlobalSection(SolutionProperties) = preSolution
		HideSolutionNode = FALSE
	EndGlobalSection
	GlobalSection(ExtensibilityGlobals) = postSolution
		SolutionGuid = {E0E1402E-CCEF-4125-B1FB-797420C28C1F}
	EndGlobalSection
EndGlobal
